
Microsoft Visual Studio Solution File, Format Version 12.00
# Visual Studio Version 16
VisualStudioVersion = 16.0.32901.82
MinimumVisualStudioVersion = 10.0.40219.1
Project("{D954291E-2A0B-460D-934E-DC6B0785DB48}") = "Ship", "Mixins\Ship\Ship.shproj", "{A30AE17F-0D1C-4C01-AF5B-A0976A165630}"
EndProject
Project("{D954291E-2A0B-460D-934E-DC6B0785DB48}") = "Utilities", "Utilities\Utilities.shproj", "{F15FACF1-E571-499A-96CB-1CE13C599E2E}"
EndProject
Project("{FAE04EC0-301F-11D3-BF4B-00C04F79EFBC}") = "Drone", "Drone\Drone.csproj", "{C82DDCA5-D793-4365-BCDD-494E627FC5D2}"
EndProject
Global
	GlobalSection(SharedMSBuildProjectFiles) = preSolution
		Mixins\Ship\Ship.projitems*{a30ae17f-0d1c-4c01-af5b-a0976a165630}*SharedItemsImports = 13
		Mixins\Ship\Ship.projitems*{c82ddca5-d793-4365-bcdd-494e627fc5d2}*SharedItemsImports = 4
		Utilities\Utilities.projitems*{c82ddca5-d793-4365-bcdd-494e627fc5d2}*SharedItemsImports = 4
		Utilities\Utilities.projitems*{f15facf1-e571-499a-96cb-1ce13c599e2e}*SharedItemsImports = 13
	EndGlobalSection
	GlobalSection(SolutionConfigurationPlatforms) = preSolution
		Debug|x64 = Debug|x64
	EndGlobalSection
	GlobalSection(ProjectConfigurationPlatforms) = postSolution
		{C82DDCA5-D793-4365-BCDD-494E627FC5D2}.Debug|x64.ActiveCfg = Debug|x64
		{C82DDCA5-D793-4365-BCDD-494E627FC5D2}.Debug|x64.Build.0 = Debug|x64
	EndGlobalSection
	GlobalSection(SolutionProperties) = preSolution
		HideSolutionNode = FALSE
	EndGlobalSection
	GlobalSection(ExtensibilityGlobals) = postSolution
		SolutionGuid = {677F0E2A-1865-438D-BDF2-3BA6CDA22B45}
	EndGlobalSection
EndGlobal
